// !$*UTF8*$!
{
	archiveVersion = 1;
	classes = {
	};
	objectVersion = 50;
	objects = {

/* Begin PBXBuildFile section */
		239B94B325CC2353005D28AF /* AppDelegate.swift in Sources */ = {isa = PBXBuildFile; fileRef = 239B94B225CC2353005D28AF /* AppDelegate.swift */; };
		239B94B525CC2353005D28AF /* SceneDelegate.swift in Sources */ = {isa = PBXBuildFile; fileRef = 239B94B425CC2353005D28AF /* SceneDelegate.swift */; };
		239B94B725CC2353005D28AF /* ViewController.swift in Sources */ = {isa = PBXBuildFile; fileRef = 239B94B625CC2353005D28AF /* ViewController.swift */; };
		239B94BA25CC2353005D28AF /* Main.storyboard in Resources */ = {isa = PBXBuildFile; fileRef = 239B94B825CC2353005D28AF /* Main.storyboard */; };
		239B94BC25CC2355005D28AF /* Assets.xcassets in Resources */ = {isa = PBXBuildFile; fileRef = 239B94BB25CC2355005D28AF /* Assets.xcassets */; };
		239B94BF25CC2355005D28AF /* LaunchScreen.storyboard in Resources */ = {isa = PBXBuildFile; fileRef = 239B94BD25CC2355005D28AF /* LaunchScreen.storyboard */; };
		239B94CA25CC2356005D28AF /* PreworkTests.swift in Sources */ = {isa = PBXBuildFile; fileRef = 239B94C925CC2356005D28AF /* PreworkTests.swift */; };
		239B94D525CC2356005D28AF /* PreworkUITests.swift in Sources */ = {isa = PBXBuildFile; fileRef = 239B94D425CC2356005D28AF /* PreworkUITests.swift */; };
/* End PBXBuildFile section */

/* Begin PBXContainerItemProxy section */
		239B94C625CC2356005D28AF /* PBXContainerItemProxy */ = {
			isa = PBXContainerItemProxy;
			containerPortal = 239B94A725CC2353005D28AF /* Project object */;
			proxyType = 1;
			remoteGlobalIDString = 239B94AE25CC2353005D28AF;
			remoteInfo = Prework;
		};
		239B94D125CC2356005D28AF /* PBXContainerItemProxy */ = {
			isa = PBXContainerItemProxy;
			containerPortal = 239B94A725CC2353005D28AF /* Project object */;
			proxyType = 1;
			remoteGlobalIDString = 239B94AE25CC2353005D28AF;
			remoteInfo = Prework;
		};
/* End PBXContainerItemProxy section */

/* Begin PBXFileReference section */
		239B94AF25CC2353005D28AF /* Prework.app */ = {isa = PBXFileReference; explicitFileType = wrapper.application; includeInIndex = 0; path = Prework.app; sourceTree = BUILT_PRODUCTS_DIR; };
		239B94B225CC2353005D28AF /* AppDelegate.swift */ = {isa = PBXFileReference; lastKnownFileType = sourcecode.swift; path = AppDelegate.swift; sourceTree = "<group>"; };
		239B94B425CC2353005D28AF /* SceneDelegate.swift */ = {isa = PBXFileReference; lastKnownFileType = sourcecode.swift; path = SceneDelegate.swift; sourceTree = "<group>"; };
		239B94B625CC2353005D28AF /* ViewController.swift */ = {isa = PBXFileReference; lastKnownFileType = sourcecode.swift; path = ViewController.swift; sourceTree = "<group>"; };
		239B94B925CC2353005D28AF /* Base */ = {isa = PBXFileReference; lastKnownFileType = file.storyboard; name = Base; path = Base.lproj/Main.storyboard; sourceTree = "<group>"; };
		239B94BB25CC2355005D28AF /* Assets.xcassets */ = {isa = PBXFileReference; lastKnownFileType = folder.assetcatalog; path = Assets.xcassets; sourceTree = "<group>"; };
		239B94BE25CC2355005D28AF /* Base */ = {isa = PBXFileReference; lastKnownFileType = file.storyboard; name = Base; path = Base.lproj/LaunchScreen.storyboard; sourceTree = "<group>"; };
		239B94C025CC2355005D28AF /* Info.plist */ = {isa = PBXFileReference; lastKnownFileType = text.plist.xml; path = Info.plist; sourceTree = "<group>"; };
		239B94C525CC2356005D28AF /* PreworkTests.xctest */ = {isa = PBXFileReference; explicitFileType = wrapper.cfbundle; includeInIndex = 0; path = PreworkTests.xctest; sourceTree = BUILT_PRODUCTS_DIR; };
		239B94C925CC2356005D28AF /* PreworkTests.swift */ = {isa = PBXFileReference; lastKnownFileType = sourcecode.swift; path = PreworkTests.swift; sourceTree = "<group>"; };
		239B94CB25CC2356005D28AF /* Info.plist */ = {isa = PBXFileReference; lastKnownFileType = text.plist.xml; path = Info.plist; sourceTree = "<group>"; };
		239B94D025CC2356005D28AF /* PreworkUITests.xctest */ = {isa = PBXFileReference; explicitFileType = wrapper.cfbundle; includeInIndex = 0; path = PreworkUITests.xctest; sourceTree = BUILT_PRODUCTS_DIR; };
		239B94D425CC2356005D28AF /* PreworkUITests.swift */ = {isa = PBXFileReference; lastKnownFileType = sourcecode.swift; path = PreworkUITests.swift; sourceTree = "<group>"; };
		239B94D625CC2356005D28AF /* Info.plist */ = {isa = PBXFileReference; lastKnownFileType = text.plist.xml; path = Info.plist; sourceTree = "<group>"; };
/* End PBXFileReference section */

/* Begin PBXFrameworksBuildPhase section */
		239B94AC25CC2353005D28AF /* Frameworks */ = {
			isa = PBXFrameworksBuildPhase;
			buildActionMask = 2147483647;
			files = (
			);
			runOnlyForDeploymentPostprocessing = 0;
		};
		239B94C225CC2356005D28AF /* Frameworks */ = {
			isa = PBXFrameworksBuildPhase;
			buildActionMask = 2147483647;
			files = (
			);
			runOnlyForDeploymentPostprocessing = 0;
		};
		239B94CD25CC2356005D28AF /* Frameworks */ = {
			isa = PBXFrameworksBuildPhase;
			buildActionMask = 2147483647;
			files = (
			);
			runOnlyForDeploymentPostprocessing = 0;
		};
/* End PBXFrameworksBuildPhase section */

/* Begin PBXGroup section */
		239B94A625CC2353005D28AF = {
			isa = PBXGroup;
			children = (
				239B94B125CC2353005D28AF /* Prework */,
				239B94C825CC2356005D28AF /* PreworkTests */,
				239B94D325CC2356005D28AF /* PreworkUITests */,
				239B94B025CC2353005D28AF /* Products */,
			);
			sourceTree = "<group>";
		};
		239B94B025CC2353005D28AF /* Products */ = {
			isa = PBXGroup;
			children = (
				239B94AF25CC2353005D28AF /* Prework.app */,
				239B94C525CC2356005D28AF /* PreworkTests.xctest */,
				239B94D025CC2356005D28AF /* PreworkUITests.xctest */,
			);
			name = Products;
			sourceTree = "<group>";
		};
		239B94B125CC2353005D28AF /* Prework */ = {
			isa = PBXGroup;
			children = (
				239B94B225CC2353005D28AF /* AppDelegate.swift */,
				239B94B425CC2353005D28AF /* SceneDelegate.swift */,
				239B94B625CC2353005D28AF /* ViewController.swift */,
				239B94B825CC2353005D28AF /* Main.storyboard */,
				239B94BB25CC2355005D28AF /* Assets.xcassets */,
				239B94BD25CC2355005D28AF /* LaunchScreen.storyboard */,
				239B94C025CC2355005D28AF /* Info.plist */,
			);
			path = Prework;
			sourceTree = "<group>";
		};
		239B94C825CC2356005D28AF /* PreworkTests */ = {
			isa = PBXGroup;
			children = (
				239B94C925CC2356005D28AF /* PreworkTests.swift */,
				239B94CB25CC2356005D28AF /* Info.plist */,
			);
			path = PreworkTests;
			sourceTree = "<group>";
		};
		239B94D325CC2356005D28AF /* PreworkUITests */ = {
			isa = PBXGroup;
			children = (
				239B94D425CC2356005D28AF /* PreworkUITests.swift */,
				239B94D625CC2356005D28AF /* Info.plist */,
			);
			path = PreworkUITests;
			sourceTree = "<group>";
		};
/* End PBXGroup section */

/* Begin PBXNativeTarget section */
		239B94AE25CC2353005D28AF /* Prework */ = {
			isa = PBXNativeTarget;
			buildConfigurationList = 239B94D925CC2356005D28AF /* Build configuration list for PBXNativeTarget "Prework" */;
			buildPhases = (
				239B94AB25CC2353005D28AF /* Sources */,
				239B94AC25CC2353005D28AF /* Frameworks */,
				239B94AD25CC2353005D28AF /* Resources */,
			);
			buildRules = (
			);
			dependencies = (
			);
			name = Prework;
			productName = Prework;
			productReference = 239B94AF25CC2353005D28AF /* Prework.app */;
			productType = "com.apple.product-type.application";
		};
		239B94C425CC2356005D28AF /* PreworkTests */ = {
			isa = PBXNativeTarget;
			buildConfigurationList = 239B94DC25CC2356005D28AF /* Build configuration list for PBXNativeTarget "PreworkTests" */;
			buildPhases = (
				239B94C125CC2356005D28AF /* Sources */,
				239B94C225CC2356005D28AF /* Frameworks */,
				239B94C325CC2356005D28AF /* Resources */,
			);
			buildRules = (
			);
			dependencies = (
				239B94C725CC2356005D28AF /* PBXTargetDependency */,
			);
			name = PreworkTests;
			productName = PreworkTests;
			productReference = 239B94C525CC2356005D28AF /* PreworkTests.xctest */;
			productType = "com.apple.product-type.bundle.unit-test";
		};
		239B94CF25CC2356005D28AF /* PreworkUITests */ = {
			isa = PBXNativeTarget;
			buildConfigurationList = 239B94DF25CC2356005D28AF /* Build configuration list for PBXNativeTarget "PreworkUITests" */;
			buildPhases = (
				239B94CC25CC2356005D28AF /* Sources */,
				239B94CD25CC2356005D28AF /* Frameworks */,
				239B94CE25CC2356005D28AF /* Resources */,
			);
			buildRules = (
			);
			dependencies = (
				239B94D225CC2356005D28AF /* PBXTargetDependency */,
			);
			name = PreworkUITests;
			productName = PreworkUITests;
			productReference = 239B94D025CC2356005D28AF /* PreworkUITests.xctest */;
			productType = "com.apple.product-type.bundle.ui-testing";
		};
/* End PBXNativeTarget section */

/* Begin PBXProject section */
		239B94A725CC2353005D28AF /* Project object */ = {
			isa = PBXProject;
			attributes = {
				LastSwiftUpdateCheck = 1240;
				LastUpgradeCheck = 1240;
				TargetAttributes = {
					239B94AE25CC2353005D28AF = {
						CreatedOnToolsVersion = 12.4;
					};
					239B94C425CC2356005D28AF = {
						CreatedOnToolsVersion = 12.4;
						TestTargetID = 239B94AE25CC2353005D28AF;
					};
					239B94CF25CC2356005D28AF = {
						CreatedOnToolsVersion = 12.4;
						TestTargetID = 239B94AE25CC2353005D28AF;
					};
				};
			};
			buildConfigurationList = 239B94AA25CC2353005D28AF /* Build configuration list for PBXProject "Prework" */;
			compatibilityVersion = "Xcode 9.3";
			developmentRegion = en;
			hasScannedForEncodings = 0;
			knownRegions = (
				en,
				Base,
			);
			mainGroup = 239B94A625CC2353005D28AF;
			productRefGroup = 239B94B025CC2353005D28AF /* Products */;
			projectDirPath = "";
			projectRoot = "";
			targets = (
				239B94AE25CC2353005D28AF /* Prework */,
				239B94C425CC2356005D28AF /* PreworkTests */,
				239B94CF25CC2356005D28AF /* PreworkUITests */,
			);
		};
/* End PBXProject section */

/* Begin PBXResourcesBuildPhase section */
		239B94AD25CC2353005D28AF /* Resources */ = {
			isa = PBXResourcesBuildPhase;
			buildActionMask = 2147483647;
			files = (
				239B94BF25CC2355005D28AF /* LaunchScreen.storyboard in Resources */,
				239B94BC25CC2355005D28AF /* Assets.xcassets in Resources */,
				239B94BA25CC2353005D28AF /* Main.storyboard in Resources */,
			);
			runOnlyForDeploymentPostprocessing = 0;
		};
		239B94C325CC2356005D28AF /* Resources */ = {
			isa = PBXResourcesBuildPhase;
			buildActionMask = 2147483647;
			files = (
			);
			runOnlyForDeploymentPostprocessing = 0;
		};
		239B94CE25CC2356005D28AF /* Resources */ = {
			isa = PBXResourcesBuildPhase;
			buildActionMask = 2147483647;
			files = (
			);
			runOnlyForDeploymentPostprocessing = 0;
		};
/* End PBXResourcesBuildPhase section */

/* Begin PBXSourcesBuildPhase section */
		239B94AB25CC2353005D28AF /* Sources */ = {
			isa = PBXSourcesBuildPhase;
			buildActionMask = 2147483647;
			files = (
				239B94B725CC2353005D28AF /* ViewController.swift in Sources */,
				239B94B325CC2353005D28AF /* AppDelegate.swift in Sources */,
				239B94B525CC2353005D28AF /* SceneDelegate.swift in Sources */,
			);
			runOnlyForDeploymentPostprocessing = 0;
		};
		239B94C125CC2356005D28AF /* Sources */ = {
			isa = PBXSourcesBuildPhase;
			buildActionMask = 2147483647;
			files = (
				239B94CA25CC2356005D28AF /* PreworkTests.swift in Sources */,
			);
			runOnlyForDeploymentPostprocessing = 0;
		};
		239B94CC25CC2356005D28AF /* Sources */ = {
			isa = PBXSourcesBuildPhase;
			buildActionMask = 2147483647;
			files = (
				239B94D525CC2356005D28AF /* PreworkUITests.swift in Sources */,
			);
			runOnlyForDeploymentPostprocessing = 0;
		};
/* End PBXSourcesBuildPhase section */

/* Begin PBXTargetDependency section */
		239B94C725CC2356005D28AF /* PBXTargetDependency */ = {
			isa = PBXTargetDependency;
			target = 239B94AE25CC2353005D28AF /* Prework */;
			targetProxy = 239B94C625CC2356005D28AF /* PBXContainerItemProxy */;
		};
		239B94D225CC2356005D28AF /* PBXTargetDependency */ = {
			isa = PBXTargetDependency;
			target = 239B94AE25CC2353005D28AF /* Prework */;
			targetProxy = 239B94D125CC2356005D28AF /* PBXContainerItemProxy */;
		};
/* End PBXTargetDependency section */

/* Begin PBXVariantGroup section */
		239B94B825CC2353005D28AF /* Main.storyboard */ = {
			isa = PBXVariantGroup;
			children = (
				239B94B925CC2353005D28AF /* Base */,
			);
			name = Main.storyboard;
			sourceTree = "<group>";
		};
		239B94BD25CC2355005D28AF /* LaunchScreen.storyboard */ = {
			isa = PBXVariantGroup;
			children = (
				239B94BE25CC2355005D28AF /* Base */,
			);
			name = LaunchScreen.storyboard;
			sourceTree = "<group>";
		};
/* End PBXVariantGroup section */

/* Begin XCBuildConfiguration section */
		239B94D725CC2356005D28AF /* Debug */ = {
			isa = XCBuildConfiguration;
			buildSettings = {
				ALWAYS_SEARCH_USER_PATHS = NO;
				CLANG_ANALYZER_NONNULL = YES;
				CLANG_ANALYZER_NUMBER_OBJECT_CONVERSION = YES_AGGRESSIVE;
				CLANG_CXX_LANGUAGE_STANDARD = "gnu++14";
				CLANG_CXX_LIBRARY = "libc++";
				CLANG_ENABLE_MODULES = YES;
				CLANG_ENABLE_OBJC_ARC = YES;
				CLANG_ENABLE_OBJC_WEAK = YES;
				CLANG_WARN_BLOCK_CAPTURE_AUTORELEASING = YES;
				CLANG_WARN_BOOL_CONVERSION = YES;
				CLANG_WARN_COMMA = YES;
				CLANG_WARN_CONSTANT_CONVERSION = YES;
				CLANG_WARN_DEPRECATED_OBJC_IMPLEMENTATIONS = YES;
				CLANG_WARN_DIRECT_OBJC_ISA_USAGE = YES_ERROR;
				CLANG_WARN_DOCUMENTATION_COMMENTS = YES;
				CLANG_WARN_EMPTY_BODY = YES;
				CLANG_WARN_ENUM_CONVERSION = YES;
				CLANG_WARN_INFINITE_RECURSION = YES;
				CLANG_WARN_INT_CONVERSION = YES;
				CLANG_WARN_NON_LITERAL_NULL_CONVERSION = YES;
				CLANG_WARN_OBJC_IMPLICIT_RETAIN_SELF = YES;
				CLANG_WARN_OBJC_LITERAL_CONVERSION = YES;
				CLANG_WARN_OBJC_ROOT_CLASS = YES_ERROR;
				CLANG_WARN_QUOTED_INCLUDE_IN_FRAMEWORK_HEADER = YES;
				CLANG_WARN_RANGE_LOOP_ANALYSIS = YES;
				CLANG_WARN_STRICT_PROTOTYPES = YES;
				CLANG_WARN_SUSPICIOUS_MOVE = YES;
				CLANG_WARN_UNGUARDED_AVAILABILITY = YES_AGGRESSIVE;
				CLANG_WARN_UNREACHABLE_CODE = YES;
				CLANG_WARN__DUPLICATE_METHOD_MATCH = YES;
				COPY_PHASE_STRIP = NO;
				DEBUG_INFORMATION_FORMAT = dwarf;
				ENABLE_STRICT_OBJC_MSGSEND = YES;
				ENABLE_TESTABILITY = YES;
				GCC_C_LANGUAGE_STANDARD = gnu11;
				GCC_DYNAMIC_NO_PIC = NO;
				GCC_NO_COMMON_BLOCKS = YES;
				GCC_OPTIMIZATION_LEVEL = 0;
				GCC_PREPROCESSOR_DEFINITIONS = (
					"DEBUG=1",
					"$(inherited)",
				);
				GCC_WARN_64_TO_32_BIT_CONVERSION = YES;
				GCC_WARN_ABOUT_RETURN_TYPE = YES_ERROR;
				GCC_WARN_UNDECLARED_SELECTOR = YES;
				GCC_WARN_UNINITIALIZED_AUTOS = YES_AGGRESSIVE;
				GCC_WARN_UNUSED_FUNCTION = YES;
				GCC_WARN_UNUSED_VARIABLE = YES;
				IPHONEOS_DEPLOYMENT_TARGET = 14.4;
				MTL_ENABLE_DEBUG_INFO = INCLUDE_SOURCE;
				MTL_FAST_MATH = YES;
				ONLY_ACTIVE_ARCH = YES;
				SDKROOT = iphoneos;
				SWIFT_ACTIVE_COMPILATION_CONDITIONS = DEBUG;
				SWIFT_OPTIMIZATION_LEVEL = "-Onone";
			};
			name = Debug;
		};
		239B94D825CC2356005D28AF /* Release */ = {
			isa = XCBuildConfiguration;
			buildSettings = {
				ALWAYS_SEARCH_USER_PATHS = NO;
				CLANG_ANALYZER_NONNULL = YES;
				CLANG_ANALYZER_NUMBER_OBJECT_CONVERSION = YES_AGGRESSIVE;
				CLANG_CXX_LANGUAGE_STANDARD = "gnu++14";
				CLANG_CXX_LIBRARY = "libc++";
				CLANG_ENABLE_MODULES = YES;
				CLANG_ENABLE_OBJC_ARC = YES;
				CLANG_ENABLE_OBJC_WEAK = YES;
				CLANG_WARN_BLOCK_CAPTURE_AUTORELEASING = YES;
				CLANG_WARN_BOOL_CONVERSION = YES;
				CLANG_WARN_COMMA = YES;
				CLANG_WARN_CONSTANT_CONVERSION = YES;
				CLANG_WARN_DEPRECATED_OBJC_IMPLEMENTATIONS = YES;
				CLANG_WARN_DIRECT_OBJC_ISA_USAGE = YES_ERROR;
				CLANG_WARN_DOCUMENTATION_COMMENTS = YES;
				CLANG_WARN_EMPTY_BODY = YES;
				CLANG_WARN_ENUM_CONVERSION = YES;
				CLANG_WARN_INFINITE_RECURSION = YES;
				CLANG_WARN_INT_CONVERSION = YES;
				CLANG_WARN_NON_LITERAL_NULL_CONVERSION = YES;
				CLANG_WARN_OBJC_IMPLICIT_RETAIN_SELF = YES;
				CLANG_WARN_OBJC_LITERAL_CONVERSION = YES;
				CLANG_WARN_OBJC_ROOT_CLASS = YES_ERROR;
				CLANG_WARN_QUOTED_INCLUDE_IN_FRAMEWORK_HEADER = YES;
				CLANG_WARN_RANGE_LOOP_ANALYSIS = YES;
				CLANG_WARN_STRICT_PROTOTYPES = YES;
				CLANG_WARN_SUSPICIOUS_MOVE = YES;
				CLANG_WARN_UNGUARDED_AVAILABILITY = YES_AGGRESSIVE;
				CLANG_WARN_UNREACHABLE_CODE = YES;
				CLANG_WARN__DUPLICATE_METHOD_MATCH = YES;
				COPY_PHASE_STRIP = NO;
				DEBUG_INFORMATION_FORMAT = "dwarf-with-dsym";
				ENABLE_NS_ASSERTIONS = NO;
				ENABLE_STRICT_OBJC_MSGSEND = YES;
				GCC_C_LANGUAGE_STANDARD = gnu11;
				GCC_NO_COMMON_BLOCKS = YES;
				GCC_WARN_64_TO_32_BIT_CONVERSION = YES;
				GCC_WARN_ABOUT_RETURN_TYPE = YES_ERROR;
				GCC_WARN_UNDECLARED_SELECTOR = YES;
				GCC_WARN_UNINITIALIZED_AUTOS = YES_AGGRESSIVE;
				GCC_WARN_UNUSED_FUNCTION = YES;
				GCC_WARN_UNUSED_VARIABLE = YES;
				IPHONEOS_DEPLOYMENT_TARGET = 14.4;
				MTL_ENABLE_DEBUG_INFO = NO;
				MTL_FAST_MATH = YES;
				SDKROOT = iphoneos;
				SWIFT_COMPILATION_MODE = wholemodule;
				SWIFT_OPTIMIZATION_LEVEL = "-O";
				VALIDATE_PRODUCT = YES;
			};
			name = Release;
		};
		239B94DA25CC2356005D28AF /* Debug */ = {
			isa = XCBuildConfiguration;
			buildSettings = {
				ASSETCATALOG_COMPILER_APPICON_NAME = AppIcon;
				ASSETCATALOG_COMPILER_GLOBAL_ACCENT_COLOR_NAME = AccentColor;
				CODE_SIGN_STYLE = Automatic;
				INFOPLIST_FILE = Prework/Info.plist;
				LD_RUNPATH_SEARCH_PATHS = (
					"$(inherited)",
					"@executable_path/Frameworks",
				);
				PRODUCT_BUNDLE_IDENTIFIER = ABC.Prework;
				PRODUCT_NAME = "$(TARGET_NAME)";
				SWIFT_VERSION = 5.0;
				TARGETED_DEVICE_FAMILY = "1,2";
			};
			name = Debug;
		};
		239B94DB25CC2356005D28AF /* Release */ = {
			isa = XCBuildConfiguration;
			buildSettings = {
				ASSETCATALOG_COMPILER_APPICON_NAME = AppIcon;
				ASSETCATALOG_COMPILER_GLOBAL_ACCENT_COLOR_NAME = AccentColor;
				CODE_SIGN_STYLE = Automatic;
				INFOPLIST_FILE = Prework/Info.plist;
				LD_RUNPATH_SEARCH_PATHS = (
					"$(inherited)",
					"@executable_path/Frameworks",
				);
				PRODUCT_BUNDLE_IDENTIFIER = ABC.Prework;
				PRODUCT_NAME = "$(TARGET_NAME)";
				SWIFT_VERSION = 5.0;
				TARGETED_DEVICE_FAMILY = "1,2";
			};
			name = Release;
		};
		239B94DD25CC2356005D28AF /* Debug */ = {
			isa = XCBuildConfiguration;
			buildSettings = {
				ALWAYS_EMBED_SWIFT_STANDARD_LIBRARIES = YES;
				BUNDLE_LOADER = "$(TEST_HOST)";
				CODE_SIGN_STYLE = Automatic;
				INFOPLIST_FILE = PreworkTests/Info.plist;
				IPHONEOS_DEPLOYMENT_TARGET = 14.4;
				LD_RUNPATH_SEARCH_PATHS = (
					"$(inherited)",
					"@executable_path/Frameworks",
					"@loader_path/Frameworks",
				);
				PRODUCT_BUNDLE_IDENTIFIER = ABC.PreworkTests;
				PRODUCT_NAME = "$(TARGET_NAME)";
				SWIFT_VERSION = 5.0;
				TARGETED_DEVICE_FAMILY = "1,2";
				TEST_HOST = "$(BUILT_PRODUCTS_DIR)/Prework.app/Prework";
			};
			name = Debug;
		};
		239B94DE25CC2356005D28AF /* Release */ = {
			isa = XCBuildConfiguration;
			buildSettings = {
				ALWAYS_EMBED_SWIFT_STANDARD_LIBRARIES = YES;
				BUNDLE_LOADER = "$(TEST_HOST)";
				CODE_SIGN_STYLE = Automatic;
				INFOPLIST_FILE = PreworkTests/Info.plist;
				IPHONEOS_DEPLOYMENT_TARGET = 14.4;
				LD_RUNPATH_SEARCH_PATHS = (
					"$(inherited)",
					"@executable_path/Frameworks",
					"@loader_path/Frameworks",
				);
				PRODUCT_BUNDLE_IDENTIFIER = ABC.PreworkTests;
				PRODUCT_NAME = "$(TARGET_NAME)";
				SWIFT_VERSION = 5.0;
				TARGETED_DEVICE_FAMILY = "1,2";
				TEST_HOST = "$(BUILT_PRODUCTS_DIR)/Prework.app/Prework";
			};
			name = Release;
		};
		239B94E025CC2356005D28AF /* Debug */ = {
			isa = XCBuildConfiguration;
			buildSettings = {
				ALWAYS_EMBED_SWIFT_STANDARD_LIBRARIES = YES;
				CODE_SIGN_STYLE = Automatic;
				INFOPLIST_FILE = PreworkUITests/Info.plist;
				LD_RUNPATH_SEARCH_PATHS = (
					"$(inherited)",
					"@executable_path/Frameworks",
					"@loader_path/Frameworks",
				);
				PRODUCT_BUNDLE_IDENTIFIER = ABC.PreworkUITests;
				PRODUCT_NAME = "$(TARGET_NAME)";
				SWIFT_VERSION = 5.0;
				TARGETED_DEVICE_FAMILY = "1,2";
				TEST_TARGET_NAME = Prework;
			};
			name = Debug;
		};
		239B94E125CC2356005D28AF /* Release */ = {
			isa = XCBuildConfiguration;
			buildSettings = {
				ALWAYS_EMBED_SWIFT_STANDARD_LIBRARIES = YES;
				CODE_SIGN_STYLE = Automatic;
				INFOPLIST_FILE = PreworkUITests/Info.plist;
				LD_RUNPATH_SEARCH_PATHS = (
					"$(inherited)",
					"@executable_path/Frameworks",
					"@loader_path/Frameworks",
				);
				PRODUCT_BUNDLE_IDENTIFIER = ABC.PreworkUITests;
				PRODUCT_NAME = "$(TARGET_NAME)";
				SWIFT_VERSION = 5.0;
				TARGETED_DEVICE_FAMILY = "1,2";
				TEST_TARGET_NAME = Prework;
			};
			name = Release;
		};
/* End XCBuildConfiguration section */

/* Begin XCConfigurationList section */
		239B94AA25CC2353005D28AF /* Build configuration list for PBXProject "Prework" */ = {
			isa = XCConfigurationList;
			buildConfigurations = (
				239B94D725CC2356005D28AF /* Debug */,
				239B94D825CC2356005D28AF /* Release */,
			);
			defaultConfigurationIsVisible = 0;
			defaultConfigurationName = Release;
		};
		239B94D925CC2356005D28AF /* Build configuration list for PBXNativeTarget "Prework" */ = {
			isa = XCConfigurationList;
			buildConfigurations = (
				239B94DA25CC2356005D28AF /* Debug */,
				239B94DB25CC2356005D28AF /* Release */,
			);
			defaultConfigurationIsVisible = 0;
			defaultConfigurationName = Release;
		};
		239B94DC25CC2356005D28AF /* Build configuration list for PBXNativeTarget "PreworkTests" */ = {
			isa = XCConfigurationList;
			buildConfigurations = (
				239B94DD25CC2356005D28AF /* Debug */,
				239B94DE25CC2356005D28AF /* Release */,
			);
			defaultConfigurationIsVisible = 0;
			defaultConfigurationName = Release;
		};
		239B94DF25CC2356005D28AF /* Build configuration list for PBXNativeTarget "PreworkUITests" */ = {
			isa = XCConfigurationList;
			buildConfigurations = (
				239B94E025CC2356005D28AF /* Debug */,
				239B94E125CC2356005D28AF /* Release */,
			);
			defaultConfigurationIsVisible = 0;
			defaultConfigurationName = Release;
		};
/* End XCConfigurationList section */
	};
	rootObject = 239B94A725CC2353005D28AF /* Project object */;
}
